
Microsoft Visual Studio Solution File, Format Version 12.00
# Visual Studio Version 16
VisualStudioVersion = 16.0.30104.148
MinimumVisualStudioVersion = 10.0.40219.1
Project("{FAE04EC0-301F-11D3-BF4B-00C04F79EFBC}") = "ConsoleApp1", "ConsoleApp1\ConsoleApp1.csproj", "{D7F791DF-09EF-42EC-9A4D-2280C44F84AE}"
EndProject
Global
	GlobalSection(SolutionConfigurationPlatforms) = preSolution
		Debug|Any CPU = Debug|Any CPU
		Release|Any CPU = Release|Any CPU
	EndGlobalSection
	GlobalSection(ProjectConfigurationPlatforms) = postSolution
		{D7F791DF-09EF-42EC-9A4D-2280C44F84AE}.Debug|Any CPU.ActiveCfg = Debug|Any CPU
		{D7F791DF-09EF-42EC-9A4D-2280C44F84AE}.Debug|Any CPU.Build.0 = Debug|Any CPU
		{D7F791DF-09EF-42EC-9A4D-2280C44F84AE}.Release|Any CPU.ActiveCfg = Release|Any CPU
		{D7F791DF-09EF-42EC-9A4D-2280C44F84AE}.Release|Any CPU.Build.0 = Release|Any CPU
	EndGlobalSection
	GlobalSection(SolutionProperties) = preSolution
		HideSolutionNode = FALSE
	EndGlobalSection
	GlobalSection(ExtensibilityGlobals) = postSolution
		SolutionGuid = {4DED3E4D-F88B-4A7C-BB64-EBC2CE4B31CA}
	EndGlobalSection
EndGlobal
